
Microsoft Visual Studio Solution File, Format Version 12.00
# Visual Studio Version 16
VisualStudioVersion = 16.0.37301.9
MinimumVisualStudioVersion = 10.0.40219.1
Project("{FAE04EC0-301F-11D3-BF4B-00C04F79EFBC}") = "PracticalWork8_9", "PracticalWork8_9.csproj", "{648A5A0F-2226-4CEB-9B17-B5C887DCA7FA}"
EndProject
Project("{2150E333-8FDC-42A3-9474-1A3956D46DE8}") = "Solution Items", "Solution Items", "{C845DEAF-45A9-423A-99D2-A59FAE15AD10}"
	ProjectSection(SolutionItems) = preProject
		InputHelper.cs = InputHelper.cs
	EndProjectSection
EndProject
Global
	GlobalSection(SolutionConfigurationPlatforms) = preSolution
		Debug|Any CPU = Debug|Any CPU
		Release|Any CPU = Release|Any CPU
	EndGlobalSection
	GlobalSection(ProjectConfigurationPlatforms) = postSolution
		{648A5A0F-2226-4CEB-9B17-B5C887DCA7FA}.Debug|Any CPU.ActiveCfg = Debug|Any CPU
		{648A5A0F-2226-4CEB-9B17-B5C887DCA7FA}.Debug|Any CPU.Build.0 = Debug|Any CPU
		{648A5A0F-2226-4CEB-9B17-B5C887DCA7FA}.Release|Any CPU.ActiveCfg = Release|Any CPU
		{648A5A0F-2226-4CEB-9B17-B5C887DCA7FA}.Release|Any CPU.Build.0 = Release|Any CPU
	EndGlobalSection
	GlobalSection(SolutionProperties) = preSolution
		HideSolutionNode = FALSE
	EndGlobalSection
	GlobalSection(ExtensibilityGlobals) = postSolution
		SolutionGuid = {0E0D0B20-2A7E-4583-B54B-F3ABD36741ED}
	EndGlobalSection
EndGlobal
